
Microsoft Visual Studio Solution File, Format Version 12.00
# Visual Studio Version 17
VisualStudioVersion = 17.4.33205.214
MinimumVisualStudioVersion = 10.0.40219.1
Project("{9A19103F-16F7-4668-BE54-9A1E7A4F7556}") = "BulkyBook.Web", "BulkyBook.Web\BulkyBook.Web.csproj", "{5064236E-7CAB-4592-9C56-598F15BDAE3D}"
EndProject
Project("{9A19103F-16F7-4668-BE54-9A1E7A4F7556}") = "BulkyBook.Models", "BulkyBook.Models\BulkyBook.Models.csproj", "{CE2447C5-AB70-4009-AED5-4619D218A721}"
EndProject
Project("{9A19103F-16F7-4668-BE54-9A1E7A4F7556}") = "BulkyBook.Utility", "BulkyBook.Utility\BulkyBook.Utility.csproj", "{DE51699F-9AC7-4427-8DAD-3273D69485C8}"
EndProject
Project("{9A19103F-16F7-4668-BE54-9A1E7A4F7556}") = "BulkyBook.Data", "BulkyBook.Data\BulkyBook.Data.csproj", "{8E9CB198-8EAD-4E73-94C3-1BADB22AB2F9}"
EndProject
Global
	GlobalSection(SolutionConfigurationPlatforms) = preSolution
		Debug|Any CPU = Debug|Any CPU
		Release|Any CPU = Release|Any CPU
	EndGlobalSection
	GlobalSection(ProjectConfigurationPlatforms) = postSolution
		{5064236E-7CAB-4592-9C56-598F15BDAE3D}.Debug|Any CPU.ActiveCfg = Debug|Any CPU
		{5064236E-7CAB-4592-9C56-598F15BDAE3D}.Debug|Any CPU.Build.0 = Debug|Any CPU
		{5064236E-7CAB-4592-9C56-598F15BDAE3D}.Release|Any CPU.ActiveCfg = Release|Any CPU
		{5064236E-7CAB-4592-9C56-598F15BDAE3D}.Release|Any CPU.Build.0 = Release|Any CPU
		{CE2447C5-AB70-4009-AED5-4619D218A721}.Debug|Any CPU.ActiveCfg = Debug|Any CPU
		{CE2447C5-AB70-4009-AED5-4619D218A721}.Debug|Any CPU.Build.0 = Debug|Any CPU
		{CE2447C5-AB70-4009-AED5-4619D218A721}.Release|Any CPU.ActiveCfg = Release|Any CPU
		{CE2447C5-AB70-4009-AED5-4619D218A721}.Release|Any CPU.Build.0 = Release|Any CPU
		{DE51699F-9AC7-4427-8DAD-3273D69485C8}.Debug|Any CPU.ActiveCfg = Debug|Any CPU
		{DE51699F-9AC7-4427-8DAD-3273D69485C8}.Debug|Any CPU.Build.0 = Debug|Any CPU
		{DE51699F-9AC7-4427-8DAD-3273D69485C8}.Release|Any CPU.ActiveCfg = Release|Any CPU
		{DE51699F-9AC7-4427-8DAD-3273D69485C8}.Release|Any CPU.Build.0 = Release|Any CPU
		{8E9CB198-8EAD-4E73-94C3-1BADB22AB2F9}.Debug|Any CPU.ActiveCfg = Debug|Any CPU
		{8E9CB198-8EAD-4E73-94C3-1BADB22AB2F9}.Debug|Any CPU.Build.0 = Debug|Any CPU
		{8E9CB198-8EAD-4E73-94C3-1BADB22AB2F9}.Release|Any CPU.ActiveCfg = Release|Any CPU
		{8E9CB198-8EAD-4E73-94C3-1BADB22AB2F9}.Release|Any CPU.Build.0 = Release|Any CPU
	EndGlobalSection
	GlobalSection(SolutionProperties) = preSolution
		HideSolutionNode = FALSE
	EndGlobalSection
	GlobalSection(ExtensibilityGlobals) = postSolution
		SolutionGuid = {B0D536D7-C567-4C2A-8BB6-84F16D299612}
	EndGlobalSection
EndGlobal
